// !$*UTF8*$!
{
	archiveVersion = 1;
	classes = {
	};
	objectVersion = 46;
	objects = {

/* Begin PBXBuildFile section */
		1834218E1CF92ED00027A0D3 /* main.m in Sources */ = {isa = PBXBuildFile; fileRef = 1834218D1CF92ED00027A0D3 /* main.m */; };
		183421911CF92ED00027A0D3 /* AppDelegate.m in Sources */ = {isa = PBXBuildFile; fileRef = 183421901CF92ED00027A0D3 /* AppDelegate.m */; };
		183421941CF92ED00027A0D3 /* ViewController.m in Sources */ = {isa = PBXBuildFile; fileRef = 183421931CF92ED00027A0D3 /* ViewController.m */; };
		183421971CF92ED00027A0D3 /* Main.storyboard in Resources */ = {isa = PBXBuildFile; fileRef = 183421951CF92ED00027A0D3 /* Main.storyboard */; };
		183421991CF92ED00027A0D3 /* Assets.xcassets in Resources */ = {isa = PBXBuildFile; fileRef = 183421981CF92ED00027A0D3 /* Assets.xcassets */; };
		1834219C1CF92ED00027A0D3 /* LaunchScreen.storyboard in Resources */ = {isa = PBXBuildFile; fileRef = 1834219A1CF92ED00027A0D3 /* LaunchScreen.storyboard */; };
		183421A51CF9309A0027A0D3 /* UIView+MMExt.m in Sources */ = {isa = PBXBuildFile; fileRef = 183421A41CF9309A0027A0D3 /* UIView+MMExt.m */; };
/* End PBXBuildFile section */

/* Begin PBXFileReference section */
		183421891CF92ED00027A0D3 /* 02-工具类.app */ = {isa = PBXFileReference; explicitFileType = wrapper.application; includeInIndex = 0; path = "02-工具类.app"; sourceTree = BUILT_PRODUCTS_DIR; };
		1834218D1CF92ED00027A0D3 /* main.m */ = {isa = PBXFileReference; lastKnownFileType = sourcecode.c.objc; path = main.m; sourceTree = "<group>"; };
		1834218F1CF92ED00027A0D3 /* AppDelegate.h */ = {isa = PBXFileReference; lastKnownFileType = sourcecode.c.h; path = AppDelegate.h; sourceTree = "<group>"; };
		183421901CF92ED00027A0D3 /* AppDelegate.m */ = {isa = PBXFileReference; lastKnownFileType = sourcecode.c.objc; path = AppDelegate.m; sourceTree = "<group>"; };
		183421921CF92ED00027A0D3 /* ViewController.h */ = {isa = PBXFileReference; lastKnownFileType = sourcecode.c.h; path = ViewController.h; sourceTree = "<group>"; };
		183421931CF92ED00027A0D3 /* ViewController.m */ = {isa = PBXFileReference; lastKnownFileType = sourcecode.c.objc; path = ViewController.m; sourceTree = "<group>"; };
		183421961CF92ED00027A0D3 /* Base */ = {isa = PBXFileReference; lastKnownFileType = file.storyboard; name = Base; path = Base.lproj/Main.storyboard; sourceTree = "<group>"; };
		183421981CF92ED00027A0D3 /* Assets.xcassets */ = {isa = PBXFileReference; lastKnownFileType = folder.assetcatalog; path = Assets.xcassets; sourceTree = "<group>"; };
		1834219B1CF92ED00027A0D3 /* Base */ = {isa = PBXFileReference; lastKnownFileType = file.storyboard; name = Base; path = Base.lproj/LaunchScreen.storyboard; sourceTree = "<group>"; };
		1834219D1CF92ED00027A0D3 /* Info.plist */ = {isa = PBXFileReference; lastKnownFileType = text.plist.xml; path = Info.plist; sourceTree = "<group>"; };
		183421A31CF9309A0027A0D3 /* UIView+MMExt.h */ = {isa = PBXFileReference; fileEncoding = 4; lastKnownFileType = sourcecode.c.h; path = "UIView+MMExt.h"; sourceTree = "<group>"; };
		183421A41CF9309A0027A0D3 /* UIView+MMExt.m */ = {isa = PBXFileReference; fileEncoding = 4; lastKnownFileType = sourcecode.c.objc; path = "UIView+MMExt.m"; sourceTree = "<group>"; };
/* End PBXFileReference section */

/* Begin PBXFrameworksBuildPhase section */
		183421861CF92ED00027A0D3 /* Frameworks */ = {
			isa = PBXFrameworksBuildPhase;
			buildActionMask = 2147483647;
			files = (
			);
			runOnlyForDeploymentPostprocessing = 0;
		};
/* End PBXFrameworksBuildPhase section */

/* Begin PBXGroup section */
		183421801CF92ED00027A0D3 = {
			isa = PBXGroup;
			children = (
				1834218B1CF92ED00027A0D3 /* 02-工具类 */,
				1834218A1CF92ED00027A0D3 /* Products */,
			);
			sourceTree = "<group>";
		};
		1834218A1CF92ED00027A0D3 /* Products */ = {
			isa = PBXGroup;
			children = (
				183421891CF92ED00027A0D3 /* 02-工具类.app */,
			);
			name = Products;
			sourceTree = "<group>";
		};
		1834218B1CF92ED00027A0D3 /* 02-工具类 */ = {
			isa = PBXGroup;
			children = (
				1834218F1CF92ED00027A0D3 /* AppDelegate.h */,
				183421901CF92ED00027A0D3 /* AppDelegate.m */,
				183421921CF92ED00027A0D3 /* ViewController.h */,
				183421931CF92ED00027A0D3 /* ViewController.m */,
				183421A31CF9309A0027A0D3 /* UIView+MMExt.h */,
				183421A41CF9309A0027A0D3 /* UIView+MMExt.m */,
				183421951CF92ED00027A0D3 /* Main.storyboard */,
				183421981CF92ED00027A0D3 /* Assets.xcassets */,
				1834219A1CF92ED00027A0D3 /* LaunchScreen.storyboard */,
				1834219D1CF92ED00027A0D3 /* Info.plist */,
				1834218C1CF92ED00027A0D3 /* Supporting Files */,
			);
			path = "02-工具类";
			sourceTree = "<group>";
		};
		1834218C1CF92ED00027A0D3 /* Supporting Files */ = {
			isa = PBXGroup;
			children = (
				1834218D1CF92ED00027A0D3 /* main.m */,
			);
			name = "Supporting Files";
			sourceTree = "<group>";
		};
/* End PBXGroup section */

/* Begin PBXNativeTarget section */
		183421881CF92ED00027A0D3 /* 02-工具类 */ = {
			isa = PBXNativeTarget;
			buildConfigurationList = 183421A01CF92ED00027A0D3 /* Build configuration list for PBXNativeTarget "02-工具类" */;
			buildPhases = (
				183421851CF92ED00027A0D3 /* Sources */,
				183421861CF92ED00027A0D3 /* Frameworks */,
				183421871CF92ED00027A0D3 /* Resources */,
			);
			buildRules = (
			);
			dependencies = (
			);
			name = "02-工具类";
			productName = "02-工具类";
			productReference = 183421891CF92ED00027A0D3 /* 02-工具类.app */;
			productType = "com.apple.product-type.application";
		};
/* End PBXNativeTarget section */

/* Begin PBXProject section */
		183421811CF92ED00027A0D3 /* Project object */ = {
			isa = PBXProject;
			attributes = {
				LastUpgradeCheck = 0720;
				ORGANIZATIONNAME = itcast;
				TargetAttributes = {
					183421881CF92ED00027A0D3 = {
						CreatedOnToolsVersion = 7.2;
						DevelopmentTeam = FTPHW9LWFD;
					};
				};
			};
			buildConfigurationList = 183421841CF92ED00027A0D3 /* Build configuration list for PBXProject "02-工具类" */;
			compatibilityVersion = "Xcode 3.2";
			developmentRegion = English;
			hasScannedForEncodings = 0;
			knownRegions = (
				en,
				Base,
			);
			mainGroup = 183421801CF92ED00027A0D3;
			productRefGroup = 1834218A1CF92ED00027A0D3 /* Products */;
			projectDirPath = "";
			projectRoot = "";
			targets = (
				183421881CF92ED00027A0D3 /* 02-工具类 */,
			);
		};
/* End PBXProject section */

/* Begin PBXResourcesBuildPhase section */
		183421871CF92ED00027A0D3 /* Resources */ = {
			isa = PBXResourcesBuildPhase;
			buildActionMask = 2147483647;
			files = (
				1834219C1CF92ED00027A0D3 /* LaunchScreen.storyboard in Resources */,
				183421991CF92ED00027A0D3 /* Assets.xcassets in Resources */,
				183421971CF92ED00027A0D3 /* Main.storyboard in Resources */,
			);
			runOnlyForDeploymentPostprocessing = 0;
		};
/* End PBXResourcesBuildPhase section */

/* Begin PBXSourcesBuildPhase section */
		183421851CF92ED00027A0D3 /* Sources */ = {
			isa = PBXSourcesBuildPhase;
			buildActionMask = 2147483647;
			files = (
				183421A51CF9309A0027A0D3 /* UIView+MMExt.m in Sources */,
				183421941CF92ED00027A0D3 /* ViewController.m in Sources */,
				183421911CF92ED00027A0D3 /* AppDelegate.m in Sources */,
				1834218E1CF92ED00027A0D3 /* main.m in Sources */,
			);
			runOnlyForDeploymentPostprocessing = 0;
		};
/* End PBXSourcesBuildPhase section */

/* Begin PBXVariantGroup section */
		183421951CF92ED00027A0D3 /* Main.storyboard */ = {
			isa = PBXVariantGroup;
			children = (
				183421961CF92ED00027A0D3 /* Base */,
			);
			name = Main.storyboard;
			sourceTree = "<group>";
		};
		1834219A1CF92ED00027A0D3 /* LaunchScreen.storyboard */ = {
			isa = PBXVariantGroup;
			children = (
				1834219B1CF92ED00027A0D3 /* Base */,
			);
			name = LaunchScreen.storyboard;
			sourceTree = "<group>";
		};
/* End PBXVariantGroup section */

/* Begin XCBuildConfiguration section */
		1834219E1CF92ED00027A0D3 /* Debug */ = {
			isa = XCBuildConfiguration;
			buildSettings = {
				ALWAYS_SEARCH_USER_PATHS = NO;
				CLANG_CXX_LANGUAGE_STANDARD = "gnu++0x";
				CLANG_CXX_LIBRARY = "libc++";
				CLANG_ENABLE_MODULES = YES;
				CLANG_ENABLE_OBJC_ARC = YES;
				CLANG_WARN_BOOL_CONVERSION = YES;
				CLANG_WARN_CONSTANT_CONVERSION = YES;
				CLANG_WARN_DIRECT_OBJC_ISA_USAGE = YES_ERROR;
				CLANG_WARN_EMPTY_BODY = YES;
				CLANG_WARN_ENUM_CONVERSION = YES;
				CLANG_WARN_INT_CONVERSION = YES;
				CLANG_WARN_OBJC_ROOT_CLASS = YES_ERROR;
				CLANG_WARN_UNREACHABLE_CODE = YES;
				CLANG_WARN__DUPLICATE_METHOD_MATCH = YES;
				"CODE_SIGN_IDENTITY[sdk=iphoneos*]" = "iPhone Developer";
				COPY_PHASE_STRIP = NO;
				DEBUG_INFORMATION_FORMAT = dwarf;
				ENABLE_STRICT_OBJC_MSGSEND = YES;
				ENABLE_TESTABILITY = YES;
				GCC_C_LANGUAGE_STANDARD = gnu99;
				GCC_DYNAMIC_NO_PIC = NO;
				GCC_NO_COMMON_BLOCKS = YES;
				GCC_OPTIMIZATION_LEVEL = 0;
				GCC_PREPROCESSOR_DEFINITIONS = (
					"DEBUG=1",
					"$(inherited)",
				);
				GCC_WARN_64_TO_32_BIT_CONVERSION = YES;
				GCC_WARN_ABOUT_RETURN_TYPE = YES_ERROR;
				GCC_WARN_UNDECLARED_SELECTOR = YES;
				GCC_WARN_UNINITIALIZED_AUTOS = YES_AGGRESSIVE;
				GCC_WARN_UNUSED_FUNCTION = YES;
				GCC_WARN_UNUSED_VARIABLE = YES;
				IPHONEOS_DEPLOYMENT_TARGET = 9.2;
				MTL_ENABLE_DEBUG_INFO = YES;
				ONLY_ACTIVE_ARCH = YES;
				SDKROOT = iphoneos;
			};
			name = Debug;
		};
		1834219F1CF92ED00027A0D3 /* Release */ = {
			isa = XCBuildConfiguration;
			buildSettings = {
				ALWAYS_SEARCH_USER_PATHS = NO;
				CLANG_CXX_LANGUAGE_STANDARD = "gnu++0x";
				CLANG_CXX_LIBRARY = "libc++";
				CLANG_ENABLE_MODULES = YES;
				CLANG_ENABLE_OBJC_ARC = YES;
				CLANG_WARN_BOOL_CONVERSION = YES;
				CLANG_WARN_CONSTANT_CONVERSION = YES;
				CLANG_WARN_DIRECT_OBJC_ISA_USAGE = YES_ERROR;
				CLANG_WARN_EMPTY_BODY = YES;
				CLANG_WARN_ENUM_CONVERSION = YES;
				CLANG_WARN_INT_CONVERSION = YES;
				CLANG_WARN_OBJC_ROOT_CLASS = YES_ERROR;
				CLANG_WARN_UNREACHABLE_CODE = YES;
				CLANG_WARN__DUPLICATE_METHOD_MATCH = YES;
				"CODE_SIGN_IDENTITY[sdk=iphoneos*]" = "iPhone Developer";
				COPY_PHASE_STRIP = NO;
				DEBUG_INFORMATION_FORMAT = "dwarf-with-dsym";
				ENABLE_NS_ASSERTIONS = NO;
				ENABLE_STRICT_OBJC_MSGSEND = YES;
				GCC_C_LANGUAGE_STANDARD = gnu99;
				GCC_NO_COMMON_BLOCKS = YES;
				GCC_WARN_64_TO_32_BIT_CONVERSION = YES;
				GCC_WARN_ABOUT_RETURN_TYPE = YES_ERROR;
				GCC_WARN_UNDECLARED_SELECTOR = YES;
				GCC_WARN_UNINITIALIZED_AUTOS = YES_AGGRESSIVE;
				GCC_WARN_UNUSED_FUNCTION = YES;
				GCC_WARN_UNUSED_VARIABLE = YES;
				IPHONEOS_DEPLOYMENT_TARGET = 9.2;
				MTL_ENABLE_DEBUG_INFO = NO;
				SDKROOT = iphoneos;
				VALIDATE_PRODUCT = YES;
			};
			name = Release;
		};
		183421A11CF92ED00027A0D3 /* Debug */ = {
			isa = XCBuildConfiguration;
			buildSettings = {
				ASSETCATALOG_COMPILER_APPICON_NAME = AppIcon;
				INFOPLIST_FILE = "02-工具类/Info.plist";
				LD_RUNPATH_SEARCH_PATHS = "$(inherited) @executable_path/Frameworks";
				PRODUCT_BUNDLE_IDENTIFIER = "com.itcast.-2----";
				PRODUCT_NAME = "$(TARGET_NAME)";
			};
			name = Debug;
		};
		183421A21CF92ED00027A0D3 /* Release */ = {
			isa = XCBuildConfiguration;
			buildSettings = {
				ASSETCATALOG_COMPILER_APPICON_NAME = AppIcon;
				INFOPLIST_FILE = "02-工具类/Info.plist";
				LD_RUNPATH_SEARCH_PATHS = "$(inherited) @executable_path/Frameworks";
				PRODUCT_BUNDLE_IDENTIFIER = "com.itcast.-2----";
				PRODUCT_NAME = "$(TARGET_NAME)";
			};
			name = Release;
		};
/* End XCBuildConfiguration section */

/* Begin XCConfigurationList section */
		183421841CF92ED00027A0D3 /* Build configuration list for PBXProject "02-工具类" */ = {
			isa = XCConfigurationList;
			buildConfigurations = (
				1834219E1CF92ED00027A0D3 /* Debug */,
				1834219F1CF92ED00027A0D3 /* Release */,
			);
			defaultConfigurationIsVisible = 0;
			defaultConfigurationName = Release;
		};
		183421A01CF92ED00027A0D3 /* Build configuration list for PBXNativeTarget "02-工具类" */ = {
			isa = XCConfigurationList;
			buildConfigurations = (
				183421A11CF92ED00027A0D3 /* Debug */,
				183421A21CF92ED00027A0D3 /* Release */,
			);
			defaultConfigurationIsVisible = 0;
		};
/* End XCConfigurationList section */
	};
	rootObject = 183421811CF92ED00027A0D3 /* Project object */;
}
